<?xml version="1.0" encoding="utf-8"?>
<Project ToolsVersion="4.0" xmlns="http://schemas.microsoft.com/developer/msbuild/2003">
  <ItemGroup>
    <Filter Include="源文件">
      <UniqueIdentifier>{4FC737F1-C7A5-4376-A066-2A32D752A2FF}</UniqueIdentifier>
      <Extensions>cpp;c;cc;cxx;c++;cppm;ixx;def;odl;idl;hpj;bat;asm;asmx</Extensions>
    </Filter>
    <Filter Include="头文件">
      <UniqueIdentifier>{93995380-89BD-4b04-88EB-625FBE52EBFB}</UniqueIdentifier>
      <Extensions>h;hh;hpp;hxx;h++;hm;inl;inc;ipp;xsd</Extensions>
    </Filter>
    <Filter Include="资源文件">
      <UniqueIdentifier>{67DA6AB6-F800-4c08-8B7A-83BB121AAD01}</UniqueIdentifier>
      <Extensions>rc;ico;cur;bmp;dlg;rc2;rct;bin;rgs;gif;jpg;jpeg;jpe;resx;tiff;tif;png;wav;mfcribbon-ms</Extensions>
    </Filter>
  </ItemGroup>
  <ItemGroup>
    <ClCompile Include="src\cppfiles\algorithm files\dataStrctureDesign\AllOne.cpp">
      <Filter>源文件</Filter>
    </ClCompile>
    <ClCompile Include="src\cppfiles\algorithm files\dataStrctureDesign\LRU.cpp">
      <Filter>源文件</Filter>
    </ClCompile>
    <ClCompile Include="src\cppfiles\algorithm files\dataStrctureDesign\O(1)时间插入，删除和获取随即元素.cpp">
      <Filter>源文件</Filter>
    </ClCompile>
    <ClCompile Include="src\cppfiles\algorithm files\dataStrctureDesign\设计setAll功能的哈希表.cpp">
      <Filter>源文件</Filter>
    </ClCompile>
    <ClCompile Include="src\cppfiles\algorithm files\dataStrctureDesign\实时获取数据流的中位数.cpp">
      <Filter>源文件</Filter>
    </ClCompile>
    <ClCompile Include="src\cppfiles\algorithm files\dataStrctureDesign\最大频率栈.cpp">
      <Filter>源文件</Filter>
    </ClCompile>
    <ClCompile Include="src\cppfiles\algorithm files\listquestions\GetInterSectionNode.cpp">
      <Filter>源文件</Filter>
    </ClCompile>
    <ClCompile Include="src\cppfiles\algorithm files\listquestions\K个一组翻转链表.cpp">
      <Filter>源文件</Filter>
    </ClCompile>
    <ClCompile Include="src\cppfiles\algorithm files\listquestions\mergeKLists.cpp">
      <Filter>源文件</Filter>
    </ClCompile>
    <ClCompile Include="src\cppfiles\algorithm files\listquestions\判断链表是否为回文.cpp">
      <Filter>源文件</Filter>
    </ClCompile>
    <ClCompile Include="src\cppfiles\algorithm files\listquestions\求链表入环节点.cpp">
      <Filter>源文件</Filter>
    </ClCompile>
    <ClCompile Include="src\cppfiles\algorithm files\listquestions\随机链表的复制.cpp">
      <Filter>源文件</Filter>
    </ClCompile>
    <ClCompile Include="src\cppfiles\algorithm files\TreeHighFrequencyQuestions\二叉树层序遍历的题.cpp">
      <Filter>源文件</Filter>
    </ClCompile>
    <ClCompile Include="src\cppfiles\algorithm files\TreeHighFrequencyQuestions\二叉树的最大，最小深度（递归）.cpp">
      <Filter>源文件</Filter>
    </ClCompile>
    <ClCompile Include="src\cppfiles\algorithm files\TreeHighFrequencyQuestions\计算完全二叉树的节点个数.cpp">
      <Filter>源文件</Filter>
    </ClCompile>
    <ClCompile Include="src\cppfiles\algorithm files\TreeHighFrequencyQuestions\序列化和反序列化.cpp">
      <Filter>源文件</Filter>
    </ClCompile>
    <ClCompile Include="src\cppfiles\algorithm files\TreeHighFrequencyQuestions\验证完全二叉树.cpp">
      <Filter>源文件</Filter>
    </ClCompile>
    <ClCompile Include="src\cppfiles\algorithm files\TreeHighFrequencyQuestions\用前序和中序遍历构造二叉树.cpp">
      <Filter>源文件</Filter>
    </ClCompile>
    <ClCompile Include="src\cppfiles\algorithm files\TreeHighFrequencyQuestions\最近公共祖先.cpp">
      <Filter>源文件</Filter>
    </ClCompile>
    <ClCompile Include="src\cppfiles\algorithm files\Bitset.cpp">
      <Filter>源文件</Filter>
    </ClCompile>
    <ClCompile Include="src\cppfiles\algorithm files\findNumberAppearKTimes.cpp">
      <Filter>源文件</Filter>
    </ClCompile>
    <ClCompile Include="src\cppfiles\algorithm files\GetMaxWithoutJudge.cpp">
      <Filter>源文件</Filter>
    </ClCompile>
    <ClCompile Include="src\cppfiles\algorithm files\hammingDistance.cpp">
      <Filter>源文件</Filter>
    </ClCompile>
    <ClCompile Include="src\cppfiles\algorithm files\Heap.cpp">
      <Filter>源文件</Filter>
    </ClCompile>
    <ClCompile Include="src\cppfiles\algorithm files\Maxcover.cpp">
      <Filter>源文件</Filter>
    </ClCompile>
    <ClCompile Include="src\cppfiles\algorithm files\minimum-operations-to-halve-array-sum.cpp">
      <Filter>源文件</Filter>
    </ClCompile>
    <ClCompile Include="src\cppfiles\algorithm files\missingNumber.cpp">
      <Filter>源文件</Filter>
    </ClCompile>
    <ClCompile Include="src\cppfiles\algorithm files\Random.cpp">
      <Filter>源文件</Filter>
    </ClCompile>
    <ClCompile Include="src\cppfiles\algorithm files\reversePairs.cpp">
      <Filter>源文件</Filter>
    </ClCompile>
    <ClCompile Include="src\cppfiles\algorithm files\singleNumber.cpp">
      <Filter>源文件</Filter>
    </ClCompile>
    <ClCompile Include="src\cppfiles\algorithm files\sort.cpp">
      <Filter>源文件</Filter>
    </ClCompile>
    <ClCompile Include="src\cppfiles\algorithm files\位运算实现加减乘除.cpp">
      <Filter>源文件</Filter>
    </ClCompile>
    <ClCompile Include="src\cppfiles\grammar study files\MyString.cpp">
      <Filter>源文件</Filter>
    </ClCompile>
    <ClCompile Include="src\cppfiles\algorithm files\Main.cpp">
      <Filter>源文件</Filter>
    </ClCompile>
    <ClCompile Include="src\cppfiles\algorithm files\TreeHighFrequencyQuestions\路径累加和为aim.cpp">
      <Filter>源文件</Filter>
    </ClCompile>
    <ClCompile Include="src\cppfiles\algorithm files\TreeHighFrequencyQuestions\验证平衡二叉树.cpp">
      <Filter>源文件</Filter>
    </ClCompile>
    <ClCompile Include="src\cppfiles\algorithm files\TreeHighFrequencyQuestions\验证搜索二叉树.cpp">
      <Filter>源文件</Filter>
    </ClCompile>
    <ClCompile Include="src\cppfiles\algorithm files\TreeHighFrequencyQuestions\修剪搜索二叉树.cpp">
      <Filter>源文件</Filter>
    </ClCompile>
    <ClCompile Include="src\cppfiles\algorithm files\TreeHighFrequencyQuestions\二叉树打家劫舍问题.cpp">
      <Filter>源文件</Filter>
    </ClCompile>
    <ClCompile Include="src\cppfiles\algorithm files\QuickSort.cpp">
      <Filter>源文件</Filter>
    </ClCompile>
    <ClCompile Include="src\cppfiles\algorithm files\RecursiveQuestions\字符串的全部子序列.cpp">
      <Filter>源文件</Filter>
    </ClCompile>
    <ClCompile Include="src\cppfiles\algorithm files\RecursiveQuestions\数组的全部组合.cpp">
      <Filter>源文件</Filter>
    </ClCompile>
    <ClCompile Include="src\cppfiles\algorithm files\RecursiveQuestions\数组全排列.cpp">
      <Filter>源文件</Filter>
    </ClCompile>
    <ClCompile Include="src\cppfiles\algorithm files\RecursiveQuestions\用递归逆序栈.cpp">
      <Filter>源文件</Filter>
    </ClCompile>
    <ClCompile Include="src\cppfiles\algorithm files\RecursiveQuestions\汉诺塔问题.cpp">
      <Filter>源文件</Filter>
    </ClCompile>
    <ClCompile Include="src\cppfiles\algorithm files\RecursiveQuestions\计算器.cpp">
      <Filter>源文件</Filter>
    </ClCompile>
    <ClCompile Include="src\cppfiles\algorithm files\RecursiveQuestions\字符串解码.cpp">
      <Filter>源文件</Filter>
    </ClCompile>
    <ClCompile Include="src\cppfiles\algorithm files\RecursiveQuestions\原子数量.cpp">
      <Filter>源文件</Filter>
    </ClCompile>
    <ClCompile Include="src\cppfiles\other files\pch.cpp">
      <Filter>源文件</Filter>
    </ClCompile>
    <ClCompile Include="src\cppfiles\algorithm files\RecursiveQuestions\n皇后问题.cpp">
      <Filter>源文件</Filter>
    </ClCompile>
    <ClCompile Include="src\cppfiles\algorithm files\BinarySearch\第n个神奇的数字.cpp">
      <Filter>源文件</Filter>
    </ClCompile>
    <ClCompile Include="src\cppfiles\algorithm files\Tabulate\AppleBagMin.cpp">
      <Filter>源文件</Filter>
    </ClCompile>
    <ClCompile Include="src\cppfiles\algorithm files\Tabulate\牛吃草问题.cpp">
      <Filter>源文件</Filter>
    </ClCompile>
    <ClCompile Include="src\cppfiles\algorithm files\Tabulate\若干连续正整数的和.cpp">
      <Filter>源文件</Filter>
    </ClCompile>
    <ClCompile Include="src\cppfiles\algorithm files\Tabulate\拼好串.cpp">
      <Filter>源文件</Filter>
    </ClCompile>
    <ClCompile Include="src\cppfiles\algorithm files\RecursiveQuestions\消灭怪物.cpp">
      <Filter>源文件</Filter>
    </ClCompile>
    <ClCompile Include="src\cppfiles\algorithm files\Maths\判断回文数.cpp">
      <Filter>源文件</Filter>
    </ClCompile>
    <ClCompile Include="src\cppfiles\algorithm files\Maths\超级回文数.cpp">
      <Filter>源文件</Filter>
    </ClCompile>
    <ClCompile Include="src\cppfiles\algorithm files\TrieTree\静态数组实现前缀树.cpp">
      <Filter>源文件</Filter>
    </ClCompile>
    <ClCompile Include="src\cppfiles\algorithm files\TrieTree\j接头密钥.cpp">
      <Filter>源文件</Filter>
    </ClCompile>
    <ClCompile Include="src\cppfiles\algorithm files\TrieTree\数组中两个数的最大异或值.cpp">
      <Filter>源文件</Filter>
    </ClCompile>
    <ClCompile Include="src\cppfiles\algorithm files\TrieTree\WordSearch_II.cpp">
      <Filter>源文件</Filter>
    </ClCompile>
    <ClCompile Include="src\cppfiles\algorithm files\TrieTree\前缀和数组.cpp">
      <Filter>源文件</Filter>
    </ClCompile>
    <ClCompile Include="src\cppfiles\algorithm files\listquestions\排序链表.cpp">
      <Filter>源文件</Filter>
    </ClCompile>
    <ClCompile Include="src\cppfiles\algorithm files\listquestions\合并两个有序链表.cpp">
      <Filter>源文件</Filter>
    </ClCompile>
    <ClCompile Include="src\cppfiles\algorithm files\TrieTree\累加和为定值最长子数组.cpp">
      <Filter>源文件</Filter>
    </ClCompile>
    <ClCompile Include="src\cppfiles\algorithm files\TrieTree\累加和为定值子数组数量.cpp">
      <Filter>源文件</Filter>
    </ClCompile>
    <ClCompile Include="src\cppfiles\algorithm files\TrieTree\正数负数一样多最长子数组.cpp">
      <Filter>源文件</Filter>
    </ClCompile>
    <ClCompile Include="src\cppfiles\algorithm files\TrieTree\表现良好最长时间段.cpp">
      <Filter>源文件</Filter>
    </ClCompile>
    <ClCompile Include="src\cppfiles\algorithm files\TrieTree\使数组和能被p整除.cpp">
      <Filter>源文件</Filter>
    </ClCompile>
    <ClCompile Include="src\cppfiles\algorithm files\TrieTree\每个元音包含偶数次的最长字串.cpp">
      <Filter>源文件</Filter>
    </ClCompile>
    <ClCompile Include="src\cppfiles\algorithm files\Difference\航班预定.cpp">
      <Filter>源文件</Filter>
    </ClCompile>
    <ClCompile Include="src\cppfiles\algorithm files\Difference\等差数列差分.cpp">
      <Filter>源文件</Filter>
    </ClCompile>
    <ClCompile Include="src\cppfiles\algorithm files\Difference\一群人跳水.cpp">
      <Filter>源文件</Filter>
    </ClCompile>
    <ClCompile Include="src\cppfiles\algorithm files\SlideWindow\累加和最短子数组.cpp">
      <Filter>源文件</Filter>
    </ClCompile>
    <ClCompile Include="src\cppfiles\algorithm files\SlideWindow\最长无重复字符字串.cpp">
      <Filter>源文件</Filter>
    </ClCompile>
    <ClCompile Include="src\cppfiles\algorithm files\SlideWindow\最小覆盖字串.cpp">
      <Filter>源文件</Filter>
    </ClCompile>
    <ClCompile Include="src\cppfiles\algorithm files\SlideWindow\加油站.cpp">
      <Filter>源文件</Filter>
    </ClCompile>
    <ClCompile Include="src\cppfiles\algorithm files\SlideWindow\替换字串得到平衡字符串.cpp">
      <Filter>源文件</Filter>
    </ClCompile>
    <ClCompile Include="src\cppfiles\algorithm files\SlideWindow\k个不同整数的子数组.cpp">
      <Filter>源文件</Filter>
    </ClCompile>
    <ClCompile Include="src\cppfiles\algorithm files\SlideWindow\至少有k个重复字符的字串.cpp">
      <Filter>源文件</Filter>
    </ClCompile>
    <ClCompile Include="src\cppfiles\algorithm files\DoublePtr\按奇偶排序数组.cpp">
      <Filter>源文件</Filter>
    </ClCompile>
    <ClCompile Include="src\cppfiles\algorithm files\DoublePtr\寻找重复数.cpp">
      <Filter>源文件</Filter>
    </ClCompile>
    <ClCompile Include="src\cppfiles\algorithm files\DoublePtr\接雨水.cpp">
      <Filter>源文件</Filter>
    </ClCompile>
    <ClCompile Include="src\cppfiles\algorithm files\SlideWindow\找顺子.cpp">
      <Filter>源文件</Filter>
    </ClCompile>
    <ClCompile Include="src\cppfiles\algorithm files\DoublePtr\坐小船.cpp">
      <Filter>源文件</Filter>
    </ClCompile>
    <ClCompile Include="src\cppfiles\algorithm files\DoublePtr\盛最多水的容器.cpp">
      <Filter>源文件</Filter>
    </ClCompile>
    <ClCompile Include="src\cppfiles\algorithm files\DoublePtr\供暖器.cpp">
      <Filter>源文件</Filter>
    </ClCompile>
    <ClCompile Include="src\cppfiles\algorithm files\DoublePtr\未出现的最小正整数.cpp">
      <Filter>源文件</Filter>
    </ClCompile>
    <ClCompile Include="src\cppfiles\algorithm files\BinarySearch\珂珂吃香蕉.cpp">
      <Filter>源文件</Filter>
    </ClCompile>
    <ClCompile Include="src\cppfiles\algorithm files\BinarySearch\画匠问题.cpp">
      <Filter>源文件</Filter>
    </ClCompile>
    <ClCompile Include="src\cppfiles\algorithm files\BinarySearch\机器人跳楼.cpp">
      <Filter>源文件</Filter>
    </ClCompile>
    <ClCompile Include="src\cppfiles\algorithm files\BinarySearch\找出第K小的数对距离.cpp">
      <Filter>源文件</Filter>
    </ClCompile>
    <ClCompile Include="src\cppfiles\algorithm files\BinarySearch\电脑同时运行分钟数.cpp">
      <Filter>源文件</Filter>
    </ClCompile>
    <ClCompile Include="src\cppfiles\algorithm files\BinarySearch\服务员提供服务.cpp">
      <Filter>源文件</Filter>
    </ClCompile>
    <ClCompile Include="src\cppfiles\algorithm files\BinarySearch\刀毒打怪兽.cpp">
      <Filter>源文件</Filter>
    </ClCompile>
    <ClCompile Include="src\cppfiles\algorithm files\MonotonicStack\单调栈基础模板.cpp">
      <Filter>源文件</Filter>
    </ClCompile>
    <ClCompile Include="src\cppfiles\algorithm files\MonotonicStack\每日温度.cpp">
      <Filter>源文件</Filter>
    </ClCompile>
    <ClCompile Include="src\cppfiles\algorithm files\MonotonicStack\子数组的最小值之和.cpp">
      <Filter>源文件</Filter>
    </ClCompile>
    <ClCompile Include="src\cppfiles\algorithm files\MonotonicStack\LargestRectangle.cpp">
      <Filter>源文件</Filter>
    </ClCompile>
    <ClCompile Include="src\cppfiles\algorithm files\MonotonicStack\二维矩阵里的最大矩形.cpp">
      <Filter>源文件</Filter>
    </ClCompile>
    <ClCompile Include="src\cppfiles\algorithm files\MonotonicStack\最大宽度破.cpp">
      <Filter>源文件</Filter>
    </ClCompile>
    <ClCompile Include="src\cppfiles\algorithm files\MonotonicStack\去重使字典序最小.cpp">
      <Filter>源文件</Filter>
    </ClCompile>
    <ClCompile Include="src\cppfiles\algorithm files\MonotonicStack\大きい魚は小さい魚を食べる.cpp">
      <Filter>源文件</Filter>
    </ClCompile>
    <ClCompile Include="src\cppfiles\algorithm files\MonotonicStack\统计全1子矩阵的数量.cpp">
      <Filter>源文件</Filter>
    </ClCompile>
    <ClCompile Include="src\cppfiles\algorithm files\DoublePtr\翻转字符串.cpp">
      <Filter>源文件</Filter>
    </ClCompile>
    <ClCompile Include="src\cppfiles\algorithm files\MonotonicQueue\滑动窗口最大值.cpp">
      <Filter>源文件</Filter>
    </ClCompile>
    <ClCompile Include="src\cppfiles\algorithm files\MonotonicQueue\绝对差不超过限制的最长子数组.cpp">
      <Filter>源文件</Filter>
    </ClCompile>
    <ClCompile Include="src\cppfiles\algorithm files\MonotonicQueue\接取落水的最小花盆.cpp">
      <Filter>源文件</Filter>
    </ClCompile>
    <ClCompile Include="src\cppfiles\algorithm files\MonotonicQueue\和至少为k的最短子数组.cpp">
      <Filter>源文件</Filter>
    </ClCompile>
    <ClCompile Include="src\cppfiles\algorithm files\MonotonicQueue\满足不等式的最大值.cpp">
      <Filter>源文件</Filter>
    </ClCompile>
    <ClCompile Include="src\cppfiles\algorithm files\MonotonicQueue\可以安排的最大任务数.cpp">
      <Filter>源文件</Filter>
    </ClCompile>
    <ClCompile Include="src\cppfiles\algorithm files\UnionSet\template.cpp">
      <Filter>源文件</Filter>
    </ClCompile>
    <ClCompile Include="src\cppfiles\algorithm files\UnionSet\情侣牵手.cpp">
      <Filter>源文件</Filter>
    </ClCompile>
    <ClCompile Include="src\cppfiles\algorithm files\UnionSet\相似字符串组.cpp">
      <Filter>源文件</Filter>
    </ClCompile>
    <ClCompile Include="src\cppfiles\algorithm files\UnionSet\岛屿数量.cpp">
      <Filter>源文件</Filter>
    </ClCompile>
    <ClCompile Include="src\cppfiles\algorithm files\UnionSet\移除最多的同行或同列石头.cpp">
      <Filter>源文件</Filter>
    </ClCompile>
    <ClCompile Include="src\cppfiles\algorithm files\UnionSet\找出知道秘密的所有专家.cpp">
      <Filter>源文件</Filter>
    </ClCompile>
    <ClCompile Include="src\cppfiles\algorithm files\UnionSet\好路径.cpp">
      <Filter>源文件</Filter>
    </ClCompile>
    <ClCompile Include="src\cppfiles\algorithm files\UnionSet\减少恶意软件的传播II.cpp">
      <Filter>源文件</Filter>
    </ClCompile>
  </ItemGroup>
  <ItemGroup>
    <ClInclude Include="src\headerfile\Bitset.h">
      <Filter>头文件</Filter>
    </ClInclude>
    <ClInclude Include="src\headerfile\Heap.h">
      <Filter>头文件</Filter>
    </ClInclude>
    <ClInclude Include="src\headerfile\Random.h">
      <Filter>头文件</Filter>
    </ClInclude>
    <ClInclude Include="src\headerfile\resource.h">
      <Filter>头文件</Filter>
    </ClInclude>
    <ClInclude Include="src\headerfile\pch.h">
      <Filter>头文件</Filter>
    </ClInclude>
  </ItemGroup>
</Project>