<?xml version="1.0" encoding="utf-8"?>
<Project ToolsVersion="4.0" xmlns="http://schemas.microsoft.com/developer/msbuild/2003">
  <ItemGroup>
    <Filter Include="源文件">
      <UniqueIdentifier>{4FC737F1-C7A5-4376-A066-2A32D752A2FF}</UniqueIdentifier>
      <Extensions>cpp;c;cc;cxx;c++;cppm;ixx;def;odl;idl;hpj;bat;asm;asmx</Extensions>
    </Filter>
    <Filter Include="头文件">
      <UniqueIdentifier>{93995380-89BD-4b04-88EB-625FBE52EBFB}</UniqueIdentifier>
      <Extensions>h;hh;hpp;hxx;h++;hm;inl;inc;ipp;xsd</Extensions>
    </Filter>
    <Filter Include="资源文件">
      <UniqueIdentifier>{67DA6AB6-F800-4c08-8B7A-83BB121AAD01}</UniqueIdentifier>
      <Extensions>rc;ico;cur;bmp;dlg;rc2;rct;bin;rgs;gif;jpg;jpeg;jpe;resx;tiff;tif;png;wav;mfcribbon-ms</Extensions>
    </Filter>
  </ItemGroup>
  <ItemGroup>
    <ClCompile Include="src\cppfiles\algorithm files\dataStrctureDesign\AllOne.cpp">
      <Filter>源文件</Filter>
    </ClCompile>
    <ClCompile Include="src\cppfiles\algorithm files\dataStrctureDesign\LRU.cpp">
      <Filter>源文件</Filter>
    </ClCompile>
    <ClCompile Include="src\cppfiles\algorithm files\dataStrctureDesign\O(1)时间插入，删除和获取随即元素.cpp">
      <Filter>源文件</Filter>
    </ClCompile>
    <ClCompile Include="src\cppfiles\algorithm files\dataStrctureDesign\设计setAll功能的哈希表.cpp">
      <Filter>源文件</Filter>
    </ClCompile>
    <ClCompile Include="src\cppfiles\algorithm files\dataStrctureDesign\实时获取数据流的中位数.cpp">
      <Filter>源文件</Filter>
    </ClCompile>
    <ClCompile Include="src\cppfiles\algorithm files\dataStrctureDesign\最大频率栈.cpp">
      <Filter>源文件</Filter>
    </ClCompile>
    <ClCompile Include="src\cppfiles\algorithm files\listquestions\GetInterSectionNode.cpp">
      <Filter>源文件</Filter>
    </ClCompile>
    <ClCompile Include="src\cppfiles\algorithm files\listquestions\K个一组翻转链表.cpp">
      <Filter>源文件</Filter>
    </ClCompile>
    <ClCompile Include="src\cppfiles\algorithm files\listquestions\mergeKLists.cpp">
      <Filter>源文件</Filter>
    </ClCompile>
    <ClCompile Include="src\cppfiles\algorithm files\listquestions\判断链表是否为回文.cpp">
      <Filter>源文件</Filter>
    </ClCompile>
    <ClCompile Include="src\cppfiles\algorithm files\listquestions\求链表入环节点.cpp">
      <Filter>源文件</Filter>
    </ClCompile>
    <ClCompile Include="src\cppfiles\algorithm files\listquestions\随机链表的复制.cpp">
      <Filter>源文件</Filter>
    </ClCompile>
    <ClCompile Include="src\cppfiles\algorithm files\TreeHighFrequencyQuestions\二叉树层序遍历的题.cpp">
      <Filter>源文件</Filter>
    </ClCompile>
    <ClCompile Include="src\cppfiles\algorithm files\TreeHighFrequencyQuestions\二叉树的最大，最小深度（递归）.cpp">
      <Filter>源文件</Filter>
    </ClCompile>
    <ClCompile Include="src\cppfiles\algorithm files\TreeHighFrequencyQuestions\计算完全二叉树的节点个数.cpp">
      <Filter>源文件</Filter>
    </ClCompile>
    <ClCompile Include="src\cppfiles\algorithm files\TreeHighFrequencyQuestions\序列化和反序列化.cpp">
      <Filter>源文件</Filter>
    </ClCompile>
    <ClCompile Include="src\cppfiles\algorithm files\TreeHighFrequencyQuestions\验证完全二叉树.cpp">
      <Filter>源文件</Filter>
    </ClCompile>
    <ClCompile Include="src\cppfiles\algorithm files\TreeHighFrequencyQuestions\用前序和中序遍历构造二叉树.cpp">
      <Filter>源文件</Filter>
    </ClCompile>
    <ClCompile Include="src\cppfiles\algorithm files\TreeHighFrequencyQuestions\最近公共祖先.cpp">
      <Filter>源文件</Filter>
    </ClCompile>
    <ClCompile Include="src\cppfiles\algorithm files\Bitset.cpp">
      <Filter>源文件</Filter>
    </ClCompile>
    <ClCompile Include="src\cppfiles\algorithm files\findNumberAppearKTimes.cpp">
      <Filter>源文件</Filter>
    </ClCompile>
    <ClCompile Include="src\cppfiles\algorithm files\GetMaxWithoutJudge.cpp">
      <Filter>源文件</Filter>
    </ClCompile>
    <ClCompile Include="src\cppfiles\algorithm files\hammingDistance.cpp">
      <Filter>源文件</Filter>
    </ClCompile>
    <ClCompile Include="src\cppfiles\algorithm files\Heap.cpp">
      <Filter>源文件</Filter>
    </ClCompile>
    <ClCompile Include="src\cppfiles\algorithm files\Maxcover.cpp">
      <Filter>源文件</Filter>
    </ClCompile>
    <ClCompile Include="src\cppfiles\algorithm files\minimum-operations-to-halve-array-sum.cpp">
      <Filter>源文件</Filter>
    </ClCompile>
    <ClCompile Include="src\cppfiles\algorithm files\missingNumber.cpp">
      <Filter>源文件</Filter>
    </ClCompile>
    <ClCompile Include="src\cppfiles\algorithm files\Random.cpp">
      <Filter>源文件</Filter>
    </ClCompile>
    <ClCompile Include="src\cppfiles\algorithm files\reversePairs.cpp">
      <Filter>源文件</Filter>
    </ClCompile>
    <ClCompile Include="src\cppfiles\algorithm files\singleNumber.cpp">
      <Filter>源文件</Filter>
    </ClCompile>
    <ClCompile Include="src\cppfiles\algorithm files\sort.cpp">
      <Filter>源文件</Filter>
    </ClCompile>
    <ClCompile Include="src\cppfiles\algorithm files\位运算实现加减乘除.cpp">
      <Filter>源文件</Filter>
    </ClCompile>
    <ClCompile Include="src\cppfiles\grammar study files\MyString.cpp">
      <Filter>源文件</Filter>
    </ClCompile>
    <ClCompile Include="src\cppfiles\algorithm files\Main.cpp">
      <Filter>源文件</Filter>
    </ClCompile>
    <ClCompile Include="src\cppfiles\algorithm files\TreeHighFrequencyQuestions\路径累加和为aim.cpp">
      <Filter>源文件</Filter>
    </ClCompile>
    <ClCompile Include="src\cppfiles\algorithm files\TreeHighFrequencyQuestions\验证平衡二叉树.cpp">
      <Filter>源文件</Filter>
    </ClCompile>
    <ClCompile Include="src\cppfiles\algorithm files\TreeHighFrequencyQuestions\验证搜索二叉树.cpp">
      <Filter>源文件</Filter>
    </ClCompile>
    <ClCompile Include="src\cppfiles\algorithm files\TreeHighFrequencyQuestions\修剪搜索二叉树.cpp">
      <Filter>源文件</Filter>
    </ClCompile>
    <ClCompile Include="src\cppfiles\algorithm files\TreeHighFrequencyQuestions\二叉树打家劫舍问题.cpp">
      <Filter>源文件</Filter>
    </ClCompile>
    <ClCompile Include="src\cppfiles\algorithm files\QuickSort.cpp">
      <Filter>源文件</Filter>
    </ClCompile>
    <ClCompile Include="src\cppfiles\algorithm files\RecursiveQuestions\字符串的全部子序列.cpp">
      <Filter>源文件</Filter>
    </ClCompile>
    <ClCompile Include="src\cppfiles\algorithm files\RecursiveQuestions\数组的全部组合.cpp">
      <Filter>源文件</Filter>
    </ClCompile>
    <ClCompile Include="src\cppfiles\algorithm files\RecursiveQuestions\数组全排列.cpp">
      <Filter>源文件</Filter>
    </ClCompile>
    <ClCompile Include="src\cppfiles\algorithm files\RecursiveQuestions\用递归逆序栈.cpp">
      <Filter>源文件</Filter>
    </ClCompile>
    <ClCompile Include="src\cppfiles\algorithm files\RecursiveQuestions\汉诺塔问题.cpp">
      <Filter>源文件</Filter>
    </ClCompile>
    <ClCompile Include="src\cppfiles\algorithm files\RecursiveQuestions\计算器.cpp">
      <Filter>源文件</Filter>
    </ClCompile>
    <ClCompile Include="src\cppfiles\algorithm files\RecursiveQuestions\字符串解码.cpp">
      <Filter>源文件</Filter>
    </ClCompile>
    <ClCompile Include="src\cppfiles\algorithm files\RecursiveQuestions\原子数量.cpp">
      <Filter>源文件</Filter>
    </ClCompile>
    <ClCompile Include="src\cppfiles\other files\pch.cpp">
      <Filter>源文件</Filter>
    </ClCompile>
    <ClCompile Include="src\cppfiles\algorithm files\RecursiveQuestions\n皇后问题.cpp">
      <Filter>源文件</Filter>
    </ClCompile>
    <ClCompile Include="src\cppfiles\algorithm files\BinarySearch\第n个神奇的数字.cpp">
      <Filter>源文件</Filter>
    </ClCompile>
    <ClCompile Include="src\cppfiles\algorithm files\Tabulate\AppleBagMin.cpp">
      <Filter>源文件</Filter>
    </ClCompile>
    <ClCompile Include="src\cppfiles\algorithm files\Tabulate\牛吃草问题.cpp">
      <Filter>源文件</Filter>
    </ClCompile>
    <ClCompile Include="src\cppfiles\algorithm files\Tabulate\若干连续正整数的和.cpp">
      <Filter>源文件</Filter>
    </ClCompile>
    <ClCompile Include="src\cppfiles\algorithm files\Tabulate\拼好串.cpp">
      <Filter>源文件</Filter>
    </ClCompile>
    <ClCompile Include="src\cppfiles\algorithm files\RecursiveQuestions\消灭怪物.cpp">
      <Filter>源文件</Filter>
    </ClCompile>
    <ClCompile Include="src\cppfiles\algorithm files\Maths\判断回文数.cpp">
      <Filter>源文件</Filter>
    </ClCompile>
    <ClCompile Include="src\cppfiles\algorithm files\Maths\超级回文数.cpp">
      <Filter>源文件</Filter>
    </ClCompile>
    <ClCompile Include="src\cppfiles\algorithm files\TrieTree\静态数组实现前缀树.cpp">
      <Filter>源文件</Filter>
    </ClCompile>
    <ClCompile Include="src\cppfiles\algorithm files\TrieTree\j接头密钥.cpp">
      <Filter>源文件</Filter>
    </ClCompile>
    <ClCompile Include="src\cppfiles\algorithm files\TrieTree\数组中两个数的最大异或值.cpp">
      <Filter>源文件</Filter>
    </ClCompile>
    <ClCompile Include="src\cppfiles\algorithm files\TrieTree\WordSearch_II.cpp">
      <Filter>源文件</Filter>
    </ClCompile>
    <ClCompile Include="src\cppfiles\algorithm files\TrieTree\前缀和数组.cpp">
      <Filter>源文件</Filter>
    </ClCompile>
    <ClCompile Include="src\cppfiles\algorithm files\listquestions\排序链表.cpp">
      <Filter>源文件</Filter>
    </ClCompile>
    <ClCompile Include="src\cppfiles\algorithm files\listquestions\合并两个有序链表.cpp">
      <Filter>源文件</Filter>
    </ClCompile>
    <ClCompile Include="src\cppfiles\algorithm files\TrieTree\累加和为定值最长子数组.cpp">
      <Filter>源文件</Filter>
    </ClCompile>
    <ClCompile Include="src\cppfiles\algorithm files\TrieTree\累加和为定值子数组数量.cpp">
      <Filter>源文件</Filter>
    </ClCompile>
    <ClCompile Include="src\cppfiles\algorithm files\TrieTree\正数负数一样多最长子数组.cpp">
      <Filter>源文件</Filter>
    </ClCompile>
    <ClCompile Include="src\cppfiles\algorithm files\TrieTree\表现良好最长时间段.cpp">
      <Filter>源文件</Filter>
    </ClCompile>
    <ClCompile Include="src\cppfiles\algorithm files\TrieTree\使数组和能被p整除.cpp">
      <Filter>源文件</Filter>
    </ClCompile>
    <ClCompile Include="src\cppfiles\algorithm files\TrieTree\每个元音包含偶数次的最长字串.cpp">
      <Filter>源文件</Filter>
    </ClCompile>
    <ClCompile Include="src\cppfiles\algorithm files\Difference\航班预定.cpp">
      <Filter>源文件</Filter>
    </ClCompile>
    <ClCompile Include="src\cppfiles\algorithm files\Difference\等差数列差分.cpp">
      <Filter>源文件</Filter>
    </ClCompile>
    <ClCompile Include="src\cppfiles\algorithm files\Difference\一群人跳水.cpp">
      <Filter>源文件</Filter>
    </ClCompile>
    <ClCompile Include="src\cppfiles\algorithm files\SlideWindow\累加和最短子数组.cpp">
      <Filter>源文件</Filter>
    </ClCompile>
    <ClCompile Include="src\cppfiles\algorithm files\SlideWindow\最长无重复字符字串.cpp">
      <Filter>源文件</Filter>
    </ClCompile>
    <ClCompile Include="src\cppfiles\algorithm files\SlideWindow\最小覆盖字串.cpp">
      <Filter>源文件</Filter>
    </ClCompile>
    <ClCompile Include="src\cppfiles\algorithm files\SlideWindow\加油站.cpp">
      <Filter>源文件</Filter>
    </ClCompile>
    <ClCompile Include="src\cppfiles\algorithm files\SlideWindow\替换字串得到平衡字符串.cpp">
      <Filter>源文件</Filter>
    </ClCompile>
    <ClCompile Include="src\cppfiles\algorithm files\SlideWindow\k个不同整数的子数组.cpp">
      <Filter>源文件</Filter>
    </ClCompile>
    <ClCompile Include="src\cppfiles\algorithm files\SlideWindow\至少有k个重复字符的字串.cpp">
      <Filter>源文件</Filter>
    </ClCompile>
    <ClCompile Include="src\cppfiles\algorithm files\DoublePtr\按奇偶排序数组.cpp">
      <Filter>源文件</Filter>
    </ClCompile>
    <ClCompile Include="src\cppfiles\algorithm files\DoublePtr\寻找重复数.cpp">
      <Filter>源文件</Filter>
    </ClCompile>
    <ClCompile Include="src\cppfiles\algorithm files\DoublePtr\接雨水.cpp">
      <Filter>源文件</Filter>
    </ClCompile>
    <ClCompile Include="src\cppfiles\algorithm files\SlideWindow\找顺子.cpp">
      <Filter>源文件</Filter>
    </ClCompile>
    <ClCompile Include="src\cppfiles\algorithm files\DoublePtr\坐小船.cpp">
      <Filter>源文件</Filter>
    </ClCompile>
    <ClCompile Include="src\cppfiles\algorithm files\DoublePtr\盛最多水的容器.cpp">
      <Filter>源文件</Filter>
    </ClCompile>
    <ClCompile Include="src\cppfiles\algorithm files\DoublePtr\供暖器.cpp">
      <Filter>源文件</Filter>
    </ClCompile>
    <ClCompile Include="src\cppfiles\algorithm files\DoublePtr\未出现的最小正整数.cpp">
      <Filter>源文件</Filter>
    </ClCompile>
    <ClCompile Include="src\cppfiles\algorithm files\BinarySearch\珂珂吃香蕉.cpp">
      <Filter>源文件</Filter>
    </ClCompile>
    <ClCompile Include="src\cppfiles\algorithm files\BinarySearch\画匠问题.cpp">
      <Filter>源文件</Filter>
    </ClCompile>
    <ClCompile Include="src\cppfiles\algorithm files\BinarySearch\机器人跳楼.cpp">
      <Filter>源文件</Filter>
    </ClCompile>
    <ClCompile Include="src\cppfiles\algorithm files\BinarySearch\找出第K小的数对距离.cpp">
      <Filter>源文件</Filter>
    </ClCompile>
    <ClCompile Include="src\cppfiles\algorithm files\BinarySearch\电脑同时运行分钟数.cpp">
      <Filter>源文件</Filter>
    </ClCompile>
    <ClCompile Include="src\cppfiles\algorithm files\BinarySearch\服务员提供服务.cpp">
      <Filter>源文件</Filter>
    </ClCompile>
    <ClCompile Include="src\cppfiles\algorithm files\BinarySearch\刀毒打怪兽.cpp">
      <Filter>源文件</Filter>
    </ClCompile>
    <ClCompile Include="src\cppfiles\algorithm files\MonotonicStack\单调栈基础模板.cpp">
      <Filter>源文件</Filter>
    </ClCompile>
    <ClCompile Include="src\cppfiles\algorithm files\MonotonicStack\每日温度.cpp">
      <Filter>源文件</Filter>
    </ClCompile>
    <ClCompile Include="src\cppfiles\algorithm files\MonotonicStack\子数组的最小值之和.cpp">
      <Filter>源文件</Filter>
    </ClCompile>
    <ClCompile Include="src\cppfiles\algorithm files\MonotonicStack\LargestRectangle.cpp">
      <Filter>源文件</Filter>
    </ClCompile>
    <ClCompile Include="src\cppfiles\algorithm files\MonotonicStack\二维矩阵里的最大矩形.cpp">
      <Filter>源文件</Filter>
    </ClCompile>
    <ClCompile Include="src\cppfiles\algorithm files\MonotonicStack\最大宽度破.cpp">
      <Filter>源文件</Filter>
    </ClCompile>
    <ClCompile Include="src\cppfiles\algorithm files\MonotonicStack\去重使字典序最小.cpp">
      <Filter>源文件</Filter>
    </ClCompile>
    <ClCompile Include="src\cppfiles\algorithm files\MonotonicStack\大きい魚は小さい魚を食べる.cpp">
      <Filter>源文件</Filter>
    </ClCompile>
    <ClCompile Include="src\cppfiles\algorithm files\MonotonicStack\统计全1子矩阵的数量.cpp">
      <Filter>源文件</Filter>
    </ClCompile>
    <ClCompile Include="src\cppfiles\algorithm files\DoublePtr\翻转字符串.cpp">
      <Filter>源文件</Filter>
    </ClCompile>
    <ClCompile Include="src\cppfiles\algorithm files\MonotonicQueue\滑动窗口最大值.cpp">
      <Filter>源文件</Filter>
    </ClCompile>
    <ClCompile Include="src\cppfiles\algorithm files\MonotonicQueue\绝对差不超过限制的最长子数组.cpp">
      <Filter>源文件</Filter>
    </ClCompile>
    <ClCompile Include="src\cppfiles\algorithm files\MonotonicQueue\接取落水的最小花盆.cpp">
      <Filter>源文件</Filter>
    </ClCompile>
    <ClCompile Include="src\cppfiles\algorithm files\MonotonicQueue\和至少为k的最短子数组.cpp">
      <Filter>源文件</Filter>
    </ClCompile>
    <ClCompile Include="src\cppfiles\algorithm files\MonotonicQueue\满足不等式的最大值.cpp">
      <Filter>源文件</Filter>
    </ClCompile>
    <ClCompile Include="src\cppfiles\algorithm files\MonotonicQueue\可以安排的最大任务数.cpp">
      <Filter>源文件</Filter>
    </ClCompile>
    <ClCompile Include="src\cppfiles\algorithm files\UnionSet\template.cpp">
      <Filter>源文件</Filter>
    </ClCompile>
    <ClCompile Include="src\cppfiles\algorithm files\UnionSet\情侣牵手.cpp">
      <Filter>源文件</Filter>
    </ClCompile>
    <ClCompile Include="src\cppfiles\algorithm files\UnionSet\相似字符串组.cpp">
      <Filter>源文件</Filter>
    </ClCompile>
    <ClCompile Include="src\cppfiles\algorithm files\UnionSet\岛屿数量.cpp">
      <Filter>源文件</Filter>
    </ClCompile>
    <ClCompile Include="src\cppfiles\algorithm files\UnionSet\移除最多的同行或同列石头.cpp">
      <Filter>源文件</Filter>
    </ClCompile>
    <ClCompile Include="src\cppfiles\algorithm files\UnionSet\找出知道秘密的所有专家.cpp">
      <Filter>源文件</Filter>
    </ClCompile>
    <ClCompile Include="src\cppfiles\algorithm files\UnionSet\好路径.cpp">
      <Filter>源文件</Filter>
    </ClCompile>
    <ClCompile Include="src\cppfiles\algorithm files\UnionSet\减少恶意软件的传播II.cpp">
      <Filter>源文件</Filter>
    </ClCompile>
    <ClCompile Include="src\cppfiles\algorithm files\FloodFill\岛屿数量%28flood%29.cpp">
      <Filter>源文件</Filter>
    </ClCompile>
    <ClCompile Include="src\cppfiles\algorithm files\FloodFill\被包围的区域.cpp">
      <Filter>源文件</Filter>
    </ClCompile>
    <ClCompile Include="src\cppfiles\algorithm files\FloodFill\最大人工岛.cpp">
      <Filter>源文件</Filter>
    </ClCompile>
    <ClCompile Include="src\cppfiles\algorithm files\FloodFill\打砖块.cpp">
      <Filter>源文件</Filter>
    </ClCompile>
    <ClCompile Include="src\cppfiles\algorithm files\Graph\字典序的拓扑排序.cpp">
      <Filter>源文件</Filter>
    </ClCompile>
    <ClCompile Include="src\cppfiles\algorithm files\Graph\火星词典.cpp">
      <Filter>源文件</Filter>
    </ClCompile>
    <ClCompile Include="src\cppfiles\algorithm files\Graph\课程表（拓扑排序模板）.cpp">
      <Filter>源文件</Filter>
    </ClCompile>
    <ClCompile Include="src\cppfiles\algorithm files\Graph\盖章.cpp">
      <Filter>源文件</Filter>
    </ClCompile>
    <ClCompile Include="src\cppfiles\algorithm files\Graph\食物链.cpp">
      <Filter>源文件</Filter>
    </ClCompile>
    <ClCompile Include="src\cppfiles\algorithm files\Graph\喧嚣和富有.cpp">
      <Filter>源文件</Filter>
    </ClCompile>
    <ClCompile Include="src\cppfiles\algorithm files\Graph\并行课程3.cpp">
      <Filter>源文件</Filter>
    </ClCompile>
    <ClCompile Include="src\cppfiles\algorithm files\Graph\圆桌会议.cpp">
      <Filter>源文件</Filter>
    </ClCompile>
    <ClCompile Include="src\cppfiles\algorithm files\Graph\最小生成树kruscal算法.cpp">
      <Filter>源文件</Filter>
    </ClCompile>
    <ClCompile Include="src\cppfiles\algorithm files\Graph\检查边长度限制的路径是否存在.cpp">
      <Filter>源文件</Filter>
    </ClCompile>
    <ClCompile Include="src\cppfiles\algorithm files\Graph\水资源分配优化.cpp">
      <Filter>源文件</Filter>
    </ClCompile>
    <ClCompile Include="src\cppfiles\algorithm files\Graph\繁忙的都市.cpp">
      <Filter>源文件</Filter>
    </ClCompile>
    <ClCompile Include="src\cppfiles\algorithm files\bfs\地图分析.cpp">
      <Filter>源文件</Filter>
    </ClCompile>
    <ClCompile Include="src\cppfiles\algorithm files\bfs\贴纸拼词.cpp">
      <Filter>源文件</Filter>
    </ClCompile>
    <ClCompile Include="src\cppfiles\algorithm files\bfs\到达角落需要移除障碍物的数目.cpp">
      <Filter>源文件</Filter>
    </ClCompile>
    <ClCompile Include="src\cppfiles\algorithm files\bfs\使网格图至少有一种有效路径的最小代价.cpp">
      <Filter>源文件</Filter>
    </ClCompile>
    <ClCompile Include="src\cppfiles\algorithm files\bfs\二维接雨水.cpp">
      <Filter>源文件</Filter>
    </ClCompile>
    <ClCompile Include="src\cppfiles\algorithm files\bfs\单词接龙II.cpp">
      <Filter>源文件</Filter>
    </ClCompile>
    <ClCompile Include="src\cppfiles\algorithm files\bfs\单词接龙.cpp">
      <Filter>源文件</Filter>
    </ClCompile>
    <ClCompile Include="src\cppfiles\algorithm files\bfs\零食问题.cpp">
      <Filter>源文件</Filter>
    </ClCompile>
    <ClCompile Include="src\cppfiles\algorithm files\bfs\最接近目标值的子序列和.cpp">
      <Filter>源文件</Filter>
    </ClCompile>
    <ClCompile Include="src\cppfiles\algorithm files\dijkstra\dj算法模板.cpp">
      <Filter>源文件</Filter>
    </ClCompile>
    <ClCompile Include="src\cppfiles\algorithm files\dijkstra\最小体力消耗路径.cpp">
      <Filter>源文件</Filter>
    </ClCompile>
    <ClCompile Include="src\cppfiles\algorithm files\dijkstra\水位上升的泳池中游泳.cpp">
      <Filter>源文件</Filter>
    </ClCompile>
    <ClCompile Include="src\cppfiles\algorithm files\dijkstra\获取所有钥匙的最短路径.cpp">
      <Filter>源文件</Filter>
    </ClCompile>
    <ClCompile Include="src\cppfiles\algorithm files\dijkstra\电动车游城市.cpp">
      <Filter>源文件</Filter>
    </ClCompile>
    <ClCompile Include="src\cppfiles\algorithm files\dijkstra\飞行路线.cpp">
      <Filter>源文件</Filter>
    </ClCompile>
    <ClCompile Include="src\cppfiles\algorithm files\dp\lesson1一维dp\斐波那契数列.cpp">
      <Filter>源文件</Filter>
    </ClCompile>
    <ClCompile Include="src\cppfiles\algorithm files\dp\lesson1一维dp\最低票价.cpp">
      <Filter>源文件</Filter>
    </ClCompile>
    <ClCompile Include="src\cppfiles\algorithm files\dp\lesson1一维dp\解码方法.cpp">
      <Filter>源文件</Filter>
    </ClCompile>
    <ClCompile Include="src\cppfiles\algorithm files\dp\lesson1一维dp\解码方法II.cpp">
      <Filter>源文件</Filter>
    </ClCompile>
    <ClCompile Include="src\cppfiles\algorithm files\dp\lesson1一维dp\丑数II.cpp">
      <Filter>源文件</Filter>
    </ClCompile>
    <ClCompile Include="src\cppfiles\algorithm files\dp\lesson1一维dp\最长有效括号.cpp">
      <Filter>源文件</Filter>
    </ClCompile>
    <ClCompile Include="src\cppfiles\algorithm files\dp\lesson1一维dp\环绕字串.cpp">
      <Filter>源文件</Filter>
    </ClCompile>
    <ClCompile Include="src\cppfiles\algorithm files\dp\lesson1一维dp\不同子序列II.cpp">
      <Filter>源文件</Filter>
    </ClCompile>
    <ClCompile Include="src\cppfiles\algorithm files\dp\lesson2二维dp\最小路径和.cpp">
      <Filter>源文件</Filter>
    </ClCompile>
    <ClCompile Include="src\cppfiles\algorithm files\dp\lesson2二维dp\单词搜索.cpp">
      <Filter>源文件</Filter>
    </ClCompile>
    <ClCompile Include="src\cppfiles\algorithm files\dp\lesson2二维dp\最长公共子序列.cpp">
      <Filter>源文件</Filter>
    </ClCompile>
    <ClCompile Include="src\cppfiles\algorithm files\dp\lesson2二维dp\二叉树结构个数.cpp">
      <Filter>源文件</Filter>
    </ClCompile>
    <ClCompile Include="src\cppfiles\algorithm files\dp\lesson2二维dp\最长回文字序列.cpp">
      <Filter>源文件</Filter>
    </ClCompile>
    <ClCompile Include="src\cppfiles\algorithm files\dp\lesson2二维dp\矩阵最长递增路径.cpp">
      <Filter>源文件</Filter>
    </ClCompile>
    <ClCompile Include="src\cppfiles\algorithm files\dp\lesson3二维dp续\不同的子序列.cpp">
      <Filter>源文件</Filter>
    </ClCompile>
    <ClCompile Include="src\cppfiles\algorithm files\dp\lesson3二维dp续\字符串距离.cpp">
      <Filter>源文件</Filter>
    </ClCompile>
    <ClCompile Include="src\cppfiles\algorithm files\dp\lesson3二维dp续\交错字符串.cpp">
      <Filter>源文件</Filter>
    </ClCompile>
    <ClCompile Include="src\cppfiles\algorithm files\dp\lesson3二维dp续\有效涂色.cpp">
      <Filter>源文件</Filter>
    </ClCompile>
    <ClCompile Include="src\cppfiles\algorithm files\dp\lesson3二维dp续\s1删除最少字符.cpp">
      <Filter>源文件</Filter>
    </ClCompile>
    <ClCompile Include="src\cppfiles\algorithm files\dp\lesson4三维dp\一和零（多维费用背包）.cpp">
      <Filter>源文件</Filter>
    </ClCompile>
    <ClCompile Include="src\cppfiles\algorithm files\dp\lesson4三维dp\盈利计划（多维费用背包）.cpp">
      <Filter>源文件</Filter>
    </ClCompile>
    <ClCompile Include="src\cppfiles\algorithm files\dp\lesson4三维dp\骑士在棋盘上的概率.cpp">
      <Filter>源文件</Filter>
    </ClCompile>
    <ClCompile Include="src\cppfiles\algorithm files\dp\lesson4三维dp\路径和能被K整除的个数.cpp">
      <Filter>源文件</Filter>
    </ClCompile>
    <ClCompile Include="src\cppfiles\algorithm files\dp\lesson4三维dp\扰乱字符串.cpp">
      <Filter>源文件</Filter>
    </ClCompile>
    <ClCompile Include="src\cppfiles\algorithm files\dp\lesson5子数组累加和\子数组最大累加和.cpp">
      <Filter>源文件</Filter>
    </ClCompile>
    <ClCompile Include="src\cppfiles\algorithm files\dp\lesson5子数组累加和\打家劫舍.cpp">
      <Filter>源文件</Filter>
    </ClCompile>
    <ClCompile Include="src\cppfiles\algorithm files\dp\lesson5子数组累加和\打家劫舍II.cpp">
      <Filter>源文件</Filter>
    </ClCompile>
    <ClCompile Include="src\cppfiles\algorithm files\dp\lesson5子数组累加和\打家劫舍IV.cpp">
      <Filter>源文件</Filter>
    </ClCompile>
    <ClCompile Include="src\cppfiles\algorithm files\dp\lesson5子数组累加和\环形数组的最大累加和.cpp">
      <Filter>源文件</Filter>
    </ClCompile>
    <ClCompile Include="src\cppfiles\algorithm files\dp\lesson5子数组累加和\子矩阵最大累加和.cpp">
      <Filter>源文件</Filter>
    </ClCompile>
    <ClCompile Include="src\cppfiles\algorithm files\dp\lesson6子数组累加和下\乘积最大子数组.cpp">
      <Filter>源文件</Filter>
    </ClCompile>
    <ClCompile Include="src\cppfiles\algorithm files\dp\lesson6子数组累加和下\子序列被7整除.cpp">
      <Filter>源文件</Filter>
    </ClCompile>
    <ClCompile Include="src\cppfiles\algorithm files\dp\lesson6子数组累加和下\魔法卷轴.cpp">
      <Filter>源文件</Filter>
    </ClCompile>
    <ClCompile Include="src\cppfiles\algorithm files\dp\lesson14优化枚举\买卖股票最佳时机I.cpp">
      <Filter>源文件</Filter>
    </ClCompile>
    <ClCompile Include="src\cppfiles\algorithm files\dp\lesson14优化枚举\买卖股票的最佳时机III.cpp">
      <Filter>源文件</Filter>
    </ClCompile>
    <ClCompile Include="src\cppfiles\algorithm files\dp\lesson2二维dp\零钱兑换.cpp">
      <Filter>源文件</Filter>
    </ClCompile>
    <ClCompile Include="src\cppfiles\algorithm files\dp\lesson6子数组累加和下\三个无重叠子数组的累加和.cpp">
      <Filter>源文件</Filter>
    </ClCompile>
    <ClCompile Include="src\cppfiles\algorithm files\dp\lesson6子数组累加和下\删掉一个数字后长度为K的最大子数组.cpp">
      <Filter>源文件</Filter>
    </ClCompile>
    <ClCompile Include="src\cppfiles\algorithm files\dp\lesson6子数组累加和下\翻转一次后子数组最大累加和.cpp">
      <Filter>源文件</Filter>
    </ClCompile>
    <ClCompile Include="src\cppfiles\algorithm files\dp\lesson7最长递增子序列\最长递增子序列.cpp">
      <Filter>源文件</Filter>
    </ClCompile>
    <ClCompile Include="src\cppfiles\algorithm files\dp\lesson7最长递增子序列\俄罗斯套娃信封问题.cpp">
      <Filter>源文件</Filter>
    </ClCompile>
    <ClCompile Include="src\cppfiles\algorithm files\dp\lesson7最长递增子序列\使数组K递增的最小操作次数.cpp">
      <Filter>源文件</Filter>
    </ClCompile>
    <ClCompile Include="src\cppfiles\algorithm files\dp\lesson7最长递增子序列\最长数对链.cpp">
      <Filter>源文件</Filter>
    </ClCompile>
    <ClCompile Include="src\cppfiles\algorithm files\dp\lesson7最长递增子序列\有一次修改机会的最长不下降子序列.cpp">
      <Filter>源文件</Filter>
    </ClCompile>
    <ClCompile Include="src\cppfiles\algorithm files\dp\lesson8背包(01,有依赖)\01背包模板.cpp">
      <Filter>源文件</Filter>
    </ClCompile>
    <ClCompile Include="src\cppfiles\algorithm files\dp\lesson8背包(01,有依赖)\夏季特惠.cpp">
      <Filter>源文件</Filter>
    </ClCompile>
    <ClCompile Include="src\cppfiles\algorithm files\dp\lesson8背包(01,有依赖)\目标和.cpp">
      <Filter>源文件</Filter>
    </ClCompile>
    <ClCompile Include="src\cppfiles\algorithm files\dp\lesson8背包(01,有依赖)\最后一块石头的重量.cpp">
      <Filter>源文件</Filter>
    </ClCompile>
    <ClCompile Include="src\cppfiles\algorithm files\dp\lesson8背包(01,有依赖)\有依赖的背包模板题.cpp">
      <Filter>源文件</Filter>
    </ClCompile>
    <ClCompile Include="src\cppfiles\algorithm files\dp\lesson8背包(01,有依赖)\非负数组前k个最小的子序列累加和.cpp">
      <Filter>源文件</Filter>
    </ClCompile>
    <ClCompile Include="src\cppfiles\algorithm files\dp\leeson9背包(分组，完全)\分组背包模板.cpp">
      <Filter>源文件</Filter>
    </ClCompile>
    <ClCompile Include="src\cppfiles\algorithm files\dp\leeson9背包(分组，完全)\从栈中取出K个硬币.cpp">
      <Filter>源文件</Filter>
    </ClCompile>
    <ClCompile Include="src\cppfiles\algorithm files\dp\leeson9背包(分组，完全)\完全背包模板.cpp">
      <Filter>源文件</Filter>
    </ClCompile>
    <ClCompile Include="src\cppfiles\algorithm files\dp\leeson9背包(分组，完全)\正则表达式匹配.cpp">
      <Filter>源文件</Filter>
    </ClCompile>
    <ClCompile Include="src\cppfiles\algorithm files\dp\leeson9背包(分组，完全)\购买足量干草的最少花费.cpp">
      <Filter>源文件</Filter>
    </ClCompile>
    <ClCompile Include="src\cppfiles\algorithm files\dp\lesson10背包%28多重，混合%29\多重背包.cpp">
      <Filter>源文件</Filter>
    </ClCompile>
    <ClCompile Include="src\cppfiles\algorithm files\dp\lesson10背包(多重，混合)\桜花見.cpp">
      <Filter>源文件</Filter>
    </ClCompile>
    <ClCompile Include="src\cppfiles\algorithm files\dp\leeson9背包(分组，完全)\买糖果.cpp">
      <Filter>源文件</Filter>
    </ClCompile>
    <ClCompile Include="src\cppfiles\algorithm files\dp\lesson10背包(多重，混合)\多重背包单调队列优化.cpp">
      <Filter>源文件</Filter>
    </ClCompile>
    <ClCompile Include="src\cppfiles\algorithm files\dp\lesson10背包(多重，混合)\能成功找零的钱数种类.cpp">
      <Filter>源文件</Filter>
    </ClCompile>
    <ClCompile Include="src\cppfiles\algorithm files\dp\lesson11区间dp\让串成为回文串的最少插入次数.cpp">
      <Filter>源文件</Filter>
    </ClCompile>
    <ClCompile Include="src\cppfiles\algorithm files\dp\lesson11区间dp\预测赢家.cpp">
      <Filter>源文件</Filter>
    </ClCompile>
    <ClCompile Include="src\cppfiles\algorithm files\dp\lesson11区间dp\多边形三角.cpp">
      <Filter>源文件</Filter>
    </ClCompile>
    <ClCompile Include="src\cppfiles\algorithm files\dp\lesson11区间dp\切棍子的最小成本.cpp">
      <Filter>源文件</Filter>
    </ClCompile>
    <ClCompile Include="src\cppfiles\algorithm files\dp\lesson11区间dp\戳气球.cpp">
      <Filter>源文件</Filter>
    </ClCompile>
    <ClCompile Include="src\cppfiles\algorithm files\dp\lesson11区间dp\布尔运算.cpp">
      <Filter>源文件</Filter>
    </ClCompile>
    <ClCompile Include="src\cppfiles\algorithm files\dp\lesson11区间dp\完成配对需要的最少字符数量.cpp">
      <Filter>源文件</Filter>
    </ClCompile>
    <ClCompile Include="src\cppfiles\algorithm files\dp\lesson11区间dp\涂色&amp;奇怪的打印机.cpp">
      <Filter>源文件</Filter>
    </ClCompile>
    <ClCompile Include="src\cppfiles\algorithm files\dp\lesson11区间dp\合唱队.cpp">
      <Filter>源文件</Filter>
    </ClCompile>
    <ClCompile Include="src\cppfiles\algorithm files\dp\lesson11区间dp\移除盒子.cpp">
      <Filter>源文件</Filter>
    </ClCompile>
    <ClCompile Include="src\cppfiles\algorithm files\dp\lesson11区间dp\合并石头的最低成本.cpp">
      <Filter>源文件</Filter>
    </ClCompile>
    <ClCompile Include="src\cppfiles\algorithm files\dp\lesson11区间dp\统计不同回文子序列.cpp">
      <Filter>源文件</Filter>
    </ClCompile>
    <ClCompile Include="src\cppfiles\algorithm files\dp\lesson12树形dp\最大BST字树.cpp">
      <Filter>源文件</Filter>
    </ClCompile>
    <ClCompile Include="src\cppfiles\algorithm files\dp\lesson12树形dp\最大BST子树键值和.cpp">
      <Filter>源文件</Filter>
    </ClCompile>
    <ClCompile Include="src\cppfiles\algorithm files\dp\lesson12树形dp\二叉树的直径.cpp">
      <Filter>源文件</Filter>
    </ClCompile>
    <ClCompile Include="src\cppfiles\algorithm files\dp\lesson12树形dp\在二叉树中分配硬币.cpp">
      <Filter>源文件</Filter>
    </ClCompile>
    <ClCompile Include="src\cppfiles\algorithm files\dp\lesson12树形dp\没有上司的舞会.cpp">
      <Filter>源文件</Filter>
    </ClCompile>
    <ClCompile Include="src\cppfiles\algorithm files\dp\lesson12树形dp\监控二叉树.cpp">
      <Filter>源文件</Filter>
    </ClCompile>
    <ClCompile Include="src\cppfiles\algorithm files\dp\lesson12树形dp\路径总和III.cpp">
      <Filter>源文件</Filter>
    </ClCompile>
    <ClCompile Include="src\cppfiles\algorithm files\dp\lesson12树形dp\到达首都的最小油耗.cpp">
      <Filter>源文件</Filter>
    </ClCompile>
    <ClCompile Include="src\cppfiles\algorithm files\dp\lesson12树形dp\相邻字符不同的最长路径.cpp">
      <Filter>源文件</Filter>
    </ClCompile>
    <ClCompile Include="src\cppfiles\algorithm files\dp\lesson12树形dp\移除字数后的二叉树高度.cpp">
      <Filter>源文件</Filter>
    </ClCompile>
    <ClCompile Include="src\cppfiles\algorithm files\dp\lesson12树形dp\从树中删除边的最小分数.cpp">
      <Filter>源文件</Filter>
    </ClCompile>
    <ClCompile Include="src\cppfiles\algorithm files\dp\lesson12树形dp\选课.cpp">
      <Filter>源文件</Filter>
    </ClCompile>
    <ClCompile Include="src\cppfiles\algorithm files\dp\lesson13状压dp\我能赢吗.cpp">
      <Filter>源文件</Filter>
    </ClCompile>
    <ClCompile Include="src\cppfiles\algorithm files\dp\lesson13状压dp\火柴拼正方形.cpp">
      <Filter>源文件</Filter>
    </ClCompile>
    <ClCompile Include="src\cppfiles\algorithm files\dp\lesson13状压dp\划分为k个相等子集.cpp">
      <Filter>源文件</Filter>
    </ClCompile>
    <ClCompile Include="src\cppfiles\algorithm files\dp\lesson13状压dp\TSP问题.cpp">
      <Filter>源文件</Filter>
    </ClCompile>
    <ClCompile Include="src\cppfiles\algorithm files\dp\lesson13状压dp\最优账单平衡.cpp">
      <Filter>源文件</Filter>
    </ClCompile>
    <ClCompile Include="src\cppfiles\algorithm files\dp\lesson13状压dp\每个人戴不同帽子的方案数.cpp">
      <Filter>源文件</Filter>
    </ClCompile>
    <ClCompile Include="src\cppfiles\algorithm files\dp\lesson14优化枚举\买卖股票的最佳时机II.cpp">
      <Filter>源文件</Filter>
    </ClCompile>
    <ClCompile Include="src\cppfiles\algorithm files\dp\lesson14优化枚举\买卖股票的最佳时机含手续费.cpp">
      <Filter>源文件</Filter>
    </ClCompile>
    <ClCompile Include="src\cppfiles\algorithm files\dp\lesson14优化枚举\买卖股票含冷冻期.cpp">
      <Filter>源文件</Filter>
    </ClCompile>
    <ClCompile Include="src\cppfiles\algorithm files\dp\lesson14优化枚举\买卖股票的最佳时机IV.cpp">
      <Filter>源文件</Filter>
    </ClCompile>
    <ClCompile Include="src\cppfiles\algorithm files\dp\lesson14优化枚举\DI序列的有效排列.cpp">
      <Filter>源文件</Filter>
    </ClCompile>
    <ClCompile Include="src\cppfiles\algorithm files\dp\lesson14优化枚举\规划兼职工作.cpp">
      <Filter>源文件</Filter>
    </ClCompile>
    <ClCompile Include="src\cppfiles\algorithm files\dp\lesson14优化枚举\K个逆序对数组.cpp">
      <Filter>源文件</Filter>
    </ClCompile>
    <ClCompile Include="src\cppfiles\algorithm files\dp\lesson14优化枚举\自由之路.cpp">
      <Filter>源文件</Filter>
    </ClCompile>
    <ClCompile Include="src\cppfiles\algorithm files\dp\lesson14优化枚举\累加和不大于K的最长子数组.cpp">
      <Filter>源文件</Filter>
    </ClCompile>
    <ClCompile Include="src\cppfiles\algorithm files\dp\lesson15得到具体方案\LCS其中一个结果.cpp">
      <Filter>源文件</Filter>
    </ClCompile>
    <ClCompile Include="src\cppfiles\algorithm files\dp\lesson15得到具体方案\最小必要团队.cpp">
      <Filter>源文件</Filter>
    </ClCompile>
    <ClCompile Include="src\cppfiles\algorithm files\dp\lesson15得到具体方案\最长递增子序列字典序最小结果.cpp">
      <Filter>源文件</Filter>
    </ClCompile>
    <ClCompile Include="src\cppfiles\algorithm files\dp\lesson16根据体量猜解法\贿赂怪兽.cpp">
      <Filter>源文件</Filter>
    </ClCompile>
  </ItemGroup>
  <ItemGroup>
    <ClInclude Include="src\headerfile\Bitset.h">
      <Filter>头文件</Filter>
    </ClInclude>
    <ClInclude Include="src\headerfile\Heap.h">
      <Filter>头文件</Filter>
    </ClInclude>
    <ClInclude Include="src\headerfile\Random.h">
      <Filter>头文件</Filter>
    </ClInclude>
    <ClInclude Include="src\headerfile\resource.h">
      <Filter>头文件</Filter>
    </ClInclude>
    <ClInclude Include="src\headerfile\pch.h">
      <Filter>头文件</Filter>
    </ClInclude>
  </ItemGroup>
</Project>